dependencies:
- name: clickhouse
  repository: https://liwenhe1993.github.io/charts
  version: 1.0.1
- name: nginx
  repository: https://charts.mirantis.com
  version: 0.1.0
- name: grafana
  repository: https://grafana.github.io/helm-charts
  version: 6.61.2
- name: postgresql
  repository: https://cetic.github.io/helm-charts
  version: 0.2.4
digest: sha256:8d86bae3742909cf038c7b6c7944b7a37e1eda784c142b42d26f4bde22a3354f
generated: "2024-03-07T12:56:51.783882+01:00"
