dependencies:
- name: logstash
  repository: https://helm.elastic.co
  version: 7.17.3
- name: nginx
  repository: https://charts.mirantis.com
  version: 0.1.0
- name: grafana
  repository: https://grafana.github.io/helm-charts
  version: 6.61.2
- name: postgresql
  repository: https://cetic.github.io/helm-charts
  version: 0.2.4
digest: sha256:795fbdf686dffabdb445a1eaf9acd2164b02fb72d57cbf1ab5beaf0bbcf5071c
generated: "2024-03-07T07:42:02.175355+01:00"
